{
  "lockfileVersion": 2,
  "configVersion": 1,
  "workspaces": {
    "": {
      "name": "styfle.dev",
      "dependencies": {
        "@next/third-parties": "16.3.0",
        "@octokit/rest": "20.0.1",
        "@vercel/speed-insights": "2.0.0",
        "gray-matter": "4.0.3",
        "highlight.js": "11.11.1",
        "marked": "4.2.12",
        "next": "16.3.0",
        "react": "19.2.7",
        "react-dom": "19.2.7",
      },
      "devDependencies": {
        "@octokit/types": "11.1.0",
        "@types/gtag.js": "0.0.12",
        "@types/marked": "4.0.8",
        "@types/node": "24.13.2",
        "@types/react": "19.2.17",
        "babel-plugin-react-compiler": "1.0.0",
        "prettier": "3.4.2",
        "typescript": "6.0.3",
      },
    },
  },
  "packages": {
    "@babel/helper-string-parser": ["@babel/helper-string-parser@7.29.7", "https://registry.k8s.vercel-security.com/npm/@babel/helper-string-parser/-/helper-string-parser-7.29.7.tgz", {}, "sha512-Pb5ijPrZ89GDH8223L4UP8i6QApWxs04RbPQJTeWDV0/keR2E36MeKnyr6LYmUUvqRRI+Iv87SuF1W6ErINzYw=="],

    "@babel/helper-validator-identifier": ["@babel/helper-validator-identifier@7.29.7", "https://registry.k8s.vercel-security.com/npm/@babel/helper-validator-identifier/-/helper-validator-identifier-7.29.7.tgz", {}, "sha512-qehxGkRj55h/ff8EMaJ+cYhyaKlHIxqYDn682wQD7RNp9UujOQsHog2uS0r2vzr4pW+sXf90NeeayjcNaX3fFg=="],

    "@babel/types": ["@babel/types@7.29.8", "https://registry.k8s.vercel-security.com/npm/@babel/types/-/types-7.29.8.tgz", { "dependencies": { "@babel/helper-string-parser": "^7.29.7", "@babel/helper-validator-identifier": "^7.29.7" } }, "sha512-Vj1jF3cPfxg7OAfoI7QnVKLoILlm2JF9pnVHrX8qx7AHMiYWT+NDAA7jChlNgRS4WTLc/fD1lXLmPixluj+3Gg=="],

    "@emnapi/runtime": ["@emnapi/runtime@1.11.3", "https://registry.k8s.vercel-security.com/npm/@emnapi/runtime/-/runtime-1.11.3.tgz", { "dependencies": { "tslib": "^2.4.0" } }, "sha512-Xz4Tpyki7XyrpbUK1jR1AhdAdaXyhhY4lZ3neLodmhpuWfy2PAQN5B46sAiU4liOXGLkHypn/qU+jvfWSCYYLA=="],

    "@img/colour": ["@img/colour@1.1.0", "https://registry.k8s.vercel-security.com/npm/@img/colour/-/colour-1.1.0.tgz", {}, "sha512-Td76q7j57o/tLVdgS746cYARfSyxk8iEfRxewL9h4OMzYhbW4TAcppl0mT4eyqXddh6L/jwoM75mo7ixa/pCeQ=="],

    "@img/sharp-darwin-arm64": ["@img/sharp-darwin-arm64@0.35.3", "https://registry.k8s.vercel-security.com/npm/@img/sharp-darwin-arm64/-/sharp-darwin-arm64-0.35.3.tgz", { "optionalDependencies": { "@img/sharp-libvips-darwin-arm64": "1.3.2" }, "os": "darwin", "cpu": "arm64" }, "sha512-RMnFX7YQsMoh7lWfcM4NEHHymBX/rLuKNPVM84XE9ONPcaSCDgE7CHIHpSgPcO2xcRthgBy1HfNO319mwhIAkg=="],

    "@img/sharp-darwin-x64": ["@img/sharp-darwin-x64@0.35.3", "https://registry.k8s.vercel-security.com/npm/@img/sharp-darwin-x64/-/sharp-darwin-x64-0.35.3.tgz", { "optionalDependencies": { "@img/sharp-libvips-darwin-x64": "1.3.2" }, "os": "darwin", "cpu": "x64" }, "sha512-Xo+5uFBtLN0BKqieTxiFzFPQAUlBbbH5iBKyRX/z1JrbnYsHTfKJnUfL8+p2TPXr1pXqao4eeL4Rl144uDpK9w=="],

    "@img/sharp-freebsd-wasm32": ["@img/sharp-freebsd-wasm32@0.35.3", "https://registry.k8s.vercel-security.com/npm/@img/sharp-freebsd-wasm32/-/sharp-freebsd-wasm32-0.35.3.tgz", { "dependencies": { "@img/sharp-wasm32": "0.35.3" }, "os": "freebsd" }, "sha512-lUxcqWIj2wMQ9BrwNjngcr1gWUr5xgaGThBRqPPalIC2n67Cqj1uPh8NnA/ZhAg8hUbKl+kVHKwgUIwe6ZYPrg=="],

    "@img/sharp-libvips-darwin-arm64": ["@img/sharp-libvips-darwin-arm64@1.3.2", "https://registry.k8s.vercel-security.com/npm/@img/sharp-libvips-darwin-arm64/-/sharp-libvips-darwin-arm64-1.3.2.tgz", { "os": "darwin", "cpu": "arm64" }, "sha512-9J6ypZFpQBj4YnePGoq/S38w6nz+vqg5WZLrLGY4YuSemdMq47GMLBPO42MzwdGwpg/agZ7xzZcFHa48xlywfg=="],

    "@img/sharp-libvips-darwin-x64": ["@img/sharp-libvips-darwin-x64@1.3.2", "https://registry.k8s.vercel-security.com/npm/@img/sharp-libvips-darwin-x64/-/sharp-libvips-darwin-x64-1.3.2.tgz", { "os": "darwin", "cpu": "x64" }, "sha512-m2pW1n6cns9VaubNwsZ+c3CRYjxNQWgJ5gPlnL1nbBcpkBvFm6SCFN5o0psFHI8w9n11NKhFkeEDns98tiqbEw=="],

    "@img/sharp-libvips-linux-arm": ["@img/sharp-libvips-linux-arm@1.3.2", "https://registry.k8s.vercel-security.com/npm/@img/sharp-libvips-linux-arm/-/sharp-libvips-linux-arm-1.3.2.tgz", { "os": "linux", "cpu": "arm" }, "sha512-1eMLzy92I4J6rmi4mAT8yC3HxOtniyGELlzGbNMLLeqe052ahFQ0h6LFq+lh5DsDIdYViIDst08abvSbcEdLXQ=="],

    "@img/sharp-libvips-linux-arm64": ["@img/sharp-libvips-linux-arm64@1.3.2", "https://registry.k8s.vercel-security.com/npm/@img/sharp-libvips-linux-arm64/-/sharp-libvips-linux-arm64-1.3.2.tgz", { "os": "linux", "cpu": "arm64" }, "sha512-dqVSFynCox4C/J8kT16V7SIFAns0IjgLwkvYT7p8LQVmJ5OS5b6tI9IGflxTeuBS//zXeFIUbwt5dwxyZ17cnA=="],

    "@img/sharp-libvips-linux-ppc64": ["@img/sharp-libvips-linux-ppc64@1.3.2", "https://registry.k8s.vercel-security.com/npm/@img/sharp-libvips-linux-ppc64/-/sharp-libvips-linux-ppc64-1.3.2.tgz", { "os": "linux", "cpu": "ppc64" }, "sha512-3z0NHDxD6n5I9gc05U1eW1AyRm+Gznzq3naMrthPNqE6oYykcogW0l/jfpJdjYnuNl8R7yI9pNbE1XiUeyq0Aw=="],

    "@img/sharp-libvips-linux-riscv64": ["@img/sharp-libvips-linux-riscv64@1.3.2", "https://registry.k8s.vercel-security.com/npm/@img/sharp-libvips-linux-riscv64/-/sharp-libvips-linux-riscv64-1.3.2.tgz", { "os": "linux", "cpu": "none" }, "sha512-bsb4rI+NldGOsXuej2r8OdSS8+zXDVaCWxyWrcv6kneTOlgAHtZABRzBBCwdsPiD90J4myNJuHpg6kA20ImW/w=="],

    "@img/sharp-libvips-linux-s390x": ["@img/sharp-libvips-linux-s390x@1.3.2", "https://registry.k8s.vercel-security.com/npm/@img/sharp-libvips-linux-s390x/-/sharp-libvips-linux-s390x-1.3.2.tgz", { "os": "linux", "cpu": "s390x" }, "sha512-/ABshyj8gCpyIrNXnHn4LorDJ0HHm1VhXPBlxZ8zAtfVPAaSafXPGn+sUSIRiwaSBy0mmFjSjiXI5mkcwdChKQ=="],

    "@img/sharp-libvips-linux-x64": ["@img/sharp-libvips-linux-x64@1.3.2", "https://registry.k8s.vercel-security.com/npm/@img/sharp-libvips-linux-x64/-/sharp-libvips-linux-x64-1.3.2.tgz", { "os": "linux", "cpu": "x64" }, "sha512-ITPEtgffGJ0S6G9dRyw/366tJQqFRcHWPHhC+Stpg3Z8AEMrDrTr2lhdz4f/Y/HMbRh//7Z5mBzEpVdi62Oc3w=="],

    "@img/sharp-libvips-linuxmusl-arm64": ["@img/sharp-libvips-linuxmusl-arm64@1.3.2", "https://registry.k8s.vercel-security.com/npm/@img/sharp-libvips-linuxmusl-arm64/-/sharp-libvips-linuxmusl-arm64-1.3.2.tgz", { "os": "linux", "cpu": "arm64" }, "sha512-zE9EdiUzUmg5mDT5a1rk5fYJ6GWPloTwWBYDS14naqHsL+EaMpDj1AWnpLgh3u0YCORv2Tt50wrcrpYqkP97Kw=="],

    "@img/sharp-libvips-linuxmusl-x64": ["@img/sharp-libvips-linuxmusl-x64@1.3.2", "https://registry.k8s.vercel-security.com/npm/@img/sharp-libvips-linuxmusl-x64/-/sharp-libvips-linuxmusl-x64-1.3.2.tgz", { "os": "linux", "cpu": "x64" }, "sha512-m0lrLiUt+lBYnCFr8qV/65yMR4E/c7/wf78I5eKTdkEakFAlZ9QlzEM3QIhhAwVeUhLAHLcCq7a7Vszq/oFNZQ=="],

    "@img/sharp-linux-arm": ["@img/sharp-linux-arm@0.35.3", "https://registry.k8s.vercel-security.com/npm/@img/sharp-linux-arm/-/sharp-linux-arm-0.35.3.tgz", { "optionalDependencies": { "@img/sharp-libvips-linux-arm": "1.3.2" }, "os": "linux", "cpu": "arm" }, "sha512-affVWCTLooy8TSxbDx2qkzuDeaWLNVBA+P//FNBirHsXpP2fuBhk5AuboYUnrDnzoXes8GFjpTx0SBFOCRg+FA=="],

    "@img/sharp-linux-arm64": ["@img/sharp-linux-arm64@0.35.3", "https://registry.k8s.vercel-security.com/npm/@img/sharp-linux-arm64/-/sharp-linux-arm64-0.35.3.tgz", { "optionalDependencies": { "@img/sharp-libvips-linux-arm64": "1.3.2" }, "os": "linux", "cpu": "arm64" }, "sha512-QgKDspHPnrU+GQ55XPhGwyhC8acLVOOSyAvo1oVfFmrIXLkDNmGWzAfDZ4xK8oSA1qBQrALcHX0G5UZni/SuFQ=="],

    "@img/sharp-linux-ppc64": ["@img/sharp-linux-ppc64@0.35.3", "https://registry.k8s.vercel-security.com/npm/@img/sharp-linux-ppc64/-/sharp-linux-ppc64-0.35.3.tgz", { "optionalDependencies": { "@img/sharp-libvips-linux-ppc64": "1.3.2" }, "os": "linux", "cpu": "ppc64" }, "sha512-sMd8rDxmpLOwv/7N44klFjOD5DUO7FLdjiXDI0hoxYaf7Ar262dQIEkosE98bps+5HPLtp/EvNqeqQtOycP/IA=="],

    "@img/sharp-linux-riscv64": ["@img/sharp-linux-riscv64@0.35.3", "https://registry.k8s.vercel-security.com/npm/@img/sharp-linux-riscv64/-/sharp-linux-riscv64-0.35.3.tgz", { "optionalDependencies": { "@img/sharp-libvips-linux-riscv64": "1.3.2" }, "os": "linux", "cpu": "none" }, "sha512-0Eob78yjlYPfL5vMNWAW55l3R9Y6BQS/gOfe0ZcP9mEz9ohhKSt4im1hayiknXgf8AWrFqMvJcKIdmLmEe7yeQ=="],

    "@img/sharp-linux-s390x": ["@img/sharp-linux-s390x@0.35.3", "https://registry.k8s.vercel-security.com/npm/@img/sharp-linux-s390x/-/sharp-linux-s390x-0.35.3.tgz", { "optionalDependencies": { "@img/sharp-libvips-linux-s390x": "1.3.2" }, "os": "linux", "cpu": "s390x" }, "sha512-KgAxQ0DxpNOq1rG2t5cgTgShJFGSuU7XO45cqC+1NVOuZnP6tlgZRuSYOfNupGkHID0o3cJOsw4DVeJpMovcGw=="],

    "@img/sharp-linux-x64": ["@img/sharp-linux-x64@0.35.3", "https://registry.k8s.vercel-security.com/npm/@img/sharp-linux-x64/-/sharp-linux-x64-0.35.3.tgz", { "optionalDependencies": { "@img/sharp-libvips-linux-x64": "1.3.2" }, "os": "linux", "cpu": "x64" }, "sha512-8pqvxubL2PGdhlPy6GLqzDYMUjyRmKAwKHYKixpdJYBUK7PJ0C029XdsnpFIdgRZG68fZiGdHVWcKPvtiPB4cA=="],

    "@img/sharp-linuxmusl-arm64": ["@img/sharp-linuxmusl-arm64@0.35.3", "https://registry.k8s.vercel-security.com/npm/@img/sharp-linuxmusl-arm64/-/sharp-linuxmusl-arm64-0.35.3.tgz", { "optionalDependencies": { "@img/sharp-libvips-linuxmusl-arm64": "1.3.2" }, "os": "linux", "cpu": "arm64" }, "sha512-Vz0iQjzzcSX3HCbfwFfCSG/9SCIqyO0mH2sXyiHaAYfBk0cRsCWXRyQYX0ovCK/PAQBbTzQ0dsPQHh5MAFL59w=="],

    "@img/sharp-linuxmusl-x64": ["@img/sharp-linuxmusl-x64@0.35.3", "https://registry.k8s.vercel-security.com/npm/@img/sharp-linuxmusl-x64/-/sharp-linuxmusl-x64-0.35.3.tgz", { "optionalDependencies": { "@img/sharp-libvips-linuxmusl-x64": "1.3.2" }, "os": "linux", "cpu": "x64" }, "sha512-6O1NPKcDVj9QEdg7Hx549EX8U0rp6yXQERqru6yRN7fGBn32UvIRJUlWnk+8xDCiG76hXVBbX82NZ/ZKr0euIg=="],

    "@img/sharp-wasm32": ["@img/sharp-wasm32@0.35.3", "https://registry.k8s.vercel-security.com/npm/@img/sharp-wasm32/-/sharp-wasm32-0.35.3.tgz", { "dependencies": { "@emnapi/runtime": "^1.11.1" } }, "sha512-cZ0XkcYGpHZkqW6iCkqTcmUC0CD9DhD5d/qeZlZkfRBn6GnHniZXLUo5+9xw8Iv76YE6LQFN9YNBlKREcCG76w=="],

    "@img/sharp-webcontainers-wasm32": ["@img/sharp-webcontainers-wasm32@0.35.3", "https://registry.k8s.vercel-security.com/npm/@img/sharp-webcontainers-wasm32/-/sharp-webcontainers-wasm32-0.35.3.tgz", { "dependencies": { "@img/sharp-wasm32": "0.35.3" }, "cpu": "none" }, "sha512-2rnq7bX3NzeR2T4YWgz8qiG4h3TSdMe+vN1iQXpJleSJ3SM5zQ8Fy2SyyXAWlbxpEZ2Y+Z4u1BePgJEYbSy80Q=="],

    "@img/sharp-win32-arm64": ["@img/sharp-win32-arm64@0.35.3", "https://registry.k8s.vercel-security.com/npm/@img/sharp-win32-arm64/-/sharp-win32-arm64-0.35.3.tgz", { "os": "win32", "cpu": "arm64" }, "sha512-4bPwFdMbeC4JQ8L8LOyWp6nsHcboP5fxkp6iPOXz2Vg49R42TuMs2whkJ5OAP4/Ul035qOzy0AecOF9VOscn4w=="],

    "@img/sharp-win32-ia32": ["@img/sharp-win32-ia32@0.35.3", "https://registry.k8s.vercel-security.com/npm/@img/sharp-win32-ia32/-/sharp-win32-ia32-0.35.3.tgz", { "os": "win32", "cpu": "ia32" }, "sha512-r53mXsBN6lFUDiST764SvgwUdHAqM4rPAiDzAmf4fLoB6X/rkfyTrLCg6+g17wJJiCmB3JYgHuUldCWUIRFSXw=="],

    "@img/sharp-win32-x64": ["@img/sharp-win32-x64@0.35.3", "https://registry.k8s.vercel-security.com/npm/@img/sharp-win32-x64/-/sharp-win32-x64-0.35.3.tgz", { "os": "win32", "cpu": "x64" }, "sha512-D4y1vNeZrIIJCN+uHaWVtH86B+aCrdMYYjicy9pXHvbGZeGYLLSd3wdVuC37FxVXlU1ARsk84eKWfWMXGYEqvA=="],

    "@next/env": ["@next/env@16.3.0", "https://registry.k8s.vercel-security.com/npm/@next/env/-/env-16.3.0.tgz", {}, "sha512-o9r1S0BNiNreHP9Vs+Qnqd9kviDkJh8xIACY7UFZSmiGbbQRzPBBosvHzAU4TULHOIuOj/18RSsyz2qrREmIFw=="],

    "@next/swc-darwin-arm64": ["@next/swc-darwin-arm64@16.3.0", "https://registry.k8s.vercel-security.com/npm/@next/swc-darwin-arm64/-/swc-darwin-arm64-16.3.0.tgz", { "os": "darwin", "cpu": "arm64" }, "sha512-55hpqq18bEVAlxedlTt3tFqZmKg2nUXT1kn1G/BGEy0R13h3LwtwHPVzzjG6P4LLeOHE32PFDQUVaJEWvBEZBw=="],

    "@next/swc-darwin-x64": ["@next/swc-darwin-x64@16.3.0", "https://registry.k8s.vercel-security.com/npm/@next/swc-darwin-x64/-/swc-darwin-x64-16.3.0.tgz", { "os": "darwin", "cpu": "x64" }, "sha512-SOi96kSaF5T+0wW4koiM1bWzSPwjzTesC1p3df+FjdOi5LIQkBK/blxh7HdoKnNuI4PURF1OO7TZqtfnbWDSgw=="],

    "@next/swc-linux-arm64-gnu": ["@next/swc-linux-arm64-gnu@16.3.0", "https://registry.k8s.vercel-security.com/npm/@next/swc-linux-arm64-gnu/-/swc-linux-arm64-gnu-16.3.0.tgz", { "os": "linux", "cpu": "arm64" }, "sha512-P0gZAoPMF4dyTRzhmkV4PrqVzSOB6t4mC1oI3c4dqijJ+OVEVx5clIXAKR4/uQpsqw2KKM/0D5tVumcR2r5blg=="],

    "@next/swc-linux-arm64-musl": ["@next/swc-linux-arm64-musl@16.3.0", "https://registry.k8s.vercel-security.com/npm/@next/swc-linux-arm64-musl/-/swc-linux-arm64-musl-16.3.0.tgz", { "os": "linux", "cpu": "arm64" }, "sha512-tXXGKJw0m37O0eKJARVTX/TheKPhz0QFVtVVZXmOig+9YKLQOSP6hvf2pxv5DO7CLEJyTHx3Pg043CDQkv1G4Q=="],

    "@next/swc-linux-x64-gnu": ["@next/swc-linux-x64-gnu@16.3.0", "https://registry.k8s.vercel-security.com/npm/@next/swc-linux-x64-gnu/-/swc-linux-x64-gnu-16.3.0.tgz", { "os": "linux", "cpu": "x64" }, "sha512-pjGxK5EY7yWml78ALejFkWmgHsU7wbFQrISiugpH6FbUJhgEvw3xFZ/EBAtLl7QtL0WdQKiG9eWJ3mOKGTukHw=="],

    "@next/swc-linux-x64-musl": ["@next/swc-linux-x64-musl@16.3.0", "https://registry.k8s.vercel-security.com/npm/@next/swc-linux-x64-musl/-/swc-linux-x64-musl-16.3.0.tgz", { "os": "linux", "cpu": "x64" }, "sha512-sjo++Xx+lomlPs3HRsHWhVDyGG6ms1kGW5EtHLERdII8AyG1i+f6aq68xHREO6AEMlhjTNEWBSmfJfqm9orf7g=="],

    "@next/swc-win32-arm64-msvc": ["@next/swc-win32-arm64-msvc@16.3.0", "https://registry.k8s.vercel-security.com/npm/@next/swc-win32-arm64-msvc/-/swc-win32-arm64-msvc-16.3.0.tgz", { "os": "win32", "cpu": "arm64" }, "sha512-C5JSgiO54wURdaxdEUIXqkz04uMqC9UmPX1gtDrV/5Tf1UowdWYI8uA5hfFbPolTlp0q4KZ60xlHePNibf0VIw=="],

    "@next/swc-win32-x64-msvc": ["@next/swc-win32-x64-msvc@16.3.0", "https://registry.k8s.vercel-security.com/npm/@next/swc-win32-x64-msvc/-/swc-win32-x64-msvc-16.3.0.tgz", { "os": "win32", "cpu": "x64" }, "sha512-fDOggsweNb5SSw0ZKVk6U+gxSyGFFlIBY/LBc1r8GUj4u/6t6oArL+Pmkg0MBnsgR+KkdsURilVH4F3GXUGepA=="],

    "@next/third-parties": ["@next/third-parties@16.3.0", "https://registry.k8s.vercel-security.com/npm/@next/third-parties/-/third-parties-16.3.0.tgz", { "dependencies": { "third-party-capital": "1.0.20" }, "peerDependencies": { "next": "^13.0.0 || ^14.0.0 || ^15.0.0 || ^16.0.0-beta.0", "react": "^18.2.0 || 19.0.0-rc-de68d2f4-20241204 || ^19.0.0" } }, "sha512-cAA96hSI9NC7083b6sEsKjgyvM/YJ2eqXs4HWv8a/z5LE12CL1sUJS+cmcTwNMY4yAFpLyyuZHrMBEfh/4Xupw=="],

    "@octokit/auth-token": ["@octokit/auth-token@4.0.0", "https://registry.k8s.vercel-security.com/npm/@octokit/auth-token/-/auth-token-4.0.0.tgz", {}, "sha512-tY/msAuJo6ARbK6SPIxZrPBms3xPbfwBrulZe0Wtr/DIY9lje2HeV1uoebShn6mx7SjCHif6EjMvoREj+gZ+SA=="],

    "@octokit/core": ["@octokit/core@5.2.2", "https://registry.k8s.vercel-security.com/npm/@octokit/core/-/core-5.2.2.tgz", { "dependencies": { "@octokit/auth-token": "^4.0.0", "@octokit/graphql": "^7.1.0", "@octokit/request": "^8.4.1", "@octokit/request-error": "^5.1.1", "@octokit/types": "^13.0.0", "before-after-hook": "^2.2.0", "universal-user-agent": "^6.0.0" } }, "sha512-/g2d4sW9nUDJOMz3mabVQvOGhVa4e/BN/Um7yca9Bb2XTzPPnfTWHWQg+IsEYO7M3Vx+EXvaM/I2pJWIMun1bg=="],

    "@octokit/endpoint": ["@octokit/endpoint@9.0.6", "https://registry.k8s.vercel-security.com/npm/@octokit/endpoint/-/endpoint-9.0.6.tgz", { "dependencies": { "@octokit/types": "^13.1.0", "universal-user-agent": "^6.0.0" } }, "sha512-H1fNTMA57HbkFESSt3Y9+FBICv+0jFceJFPWDePYlR/iMGrwM5ph+Dd4XRQs+8X+PUFURLQgX9ChPfhJ/1uNQw=="],

    "@octokit/graphql": ["@octokit/graphql@7.1.1", "https://registry.k8s.vercel-security.com/npm/@octokit/graphql/-/graphql-7.1.1.tgz", { "dependencies": { "@octokit/request": "^8.4.1", "@octokit/types": "^13.0.0", "universal-user-agent": "^6.0.0" } }, "sha512-3mkDltSfcDUoa176nlGoA32RGjeWjl3K7F/BwHwRMJUW/IteSa4bnSV8p2ThNkcIcZU2umkZWxwETSSCJf2Q7g=="],

    "@octokit/openapi-types": ["@octokit/openapi-types@18.1.1", "https://registry.k8s.vercel-security.com/npm/@octokit/openapi-types/-/openapi-types-18.1.1.tgz", {}, "sha512-VRaeH8nCDtF5aXWnjPuEMIYf1itK/s3JYyJcWFJT8X9pSNnBtriDf7wlEWsGuhPLl4QIH4xM8fqTXDwJ3Mu6sw=="],

    "@octokit/plugin-paginate-rest": ["@octokit/plugin-paginate-rest@8.0.0", "https://registry.k8s.vercel-security.com/npm/@octokit/plugin-paginate-rest/-/plugin-paginate-rest-8.0.0.tgz", { "dependencies": { "@octokit/types": "^11.0.0" }, "peerDependencies": { "@octokit/core": ">=5" } }, "sha512-2xZ+baZWUg+qudVXnnvXz7qfrTmDeYPCzangBVq/1gXxii/OiS//4shJp9dnCCvj1x+JAm9ji1Egwm1BA47lPQ=="],

    "@octokit/plugin-request-log": ["@octokit/plugin-request-log@4.0.1", "https://registry.k8s.vercel-security.com/npm/@octokit/plugin-request-log/-/plugin-request-log-4.0.1.tgz", { "peerDependencies": { "@octokit/core": "5" } }, "sha512-GihNqNpGHorUrO7Qa9JbAl0dbLnqJVrV8OXe2Zm5/Y4wFkZQDfTreBzVmiRfJVfE4mClXdihHnbpyyO9FSX4HA=="],

    "@octokit/plugin-rest-endpoint-methods": ["@octokit/plugin-rest-endpoint-methods@9.0.0", "https://registry.k8s.vercel-security.com/npm/@octokit/plugin-rest-endpoint-methods/-/plugin-rest-endpoint-methods-9.0.0.tgz", { "dependencies": { "@octokit/types": "^11.0.0" }, "peerDependencies": { "@octokit/core": ">=5" } }, "sha512-KquMF/VB1IkKNiVnzJKspY5mFgGyLd7HzdJfVEGTJFzqu9BRFNWt+nwTCMuUiWc72gLQhRWYubTwOkQj+w/1PA=="],

    "@octokit/request": ["@octokit/request@8.4.1", "https://registry.k8s.vercel-security.com/npm/@octokit/request/-/request-8.4.1.tgz", { "dependencies": { "@octokit/endpoint": "^9.0.6", "@octokit/request-error": "^5.1.1", "@octokit/types": "^13.1.0", "universal-user-agent": "^6.0.0" } }, "sha512-qnB2+SY3hkCmBxZsR/MPCybNmbJe4KAlfWErXq+rBKkQJlbjdJeS85VI9r8UqeLYLvnAenU8Q1okM/0MBsAGXw=="],

    "@octokit/request-error": ["@octokit/request-error@5.1.1", "https://registry.k8s.vercel-security.com/npm/@octokit/request-error/-/request-error-5.1.1.tgz", { "dependencies": { "@octokit/types": "^13.1.0", "deprecation": "^2.0.0", "once": "^1.4.0" } }, "sha512-v9iyEQJH6ZntoENr9/yXxjuezh4My67CBSu9r6Ve/05Iu5gNgnisNWOsoJHTP6k0Rr0+HQIpnH+kyammu90q/g=="],

    "@octokit/rest": ["@octokit/rest@20.0.1", "https://registry.k8s.vercel-security.com/npm/@octokit/rest/-/rest-20.0.1.tgz", { "dependencies": { "@octokit/core": "^5.0.0", "@octokit/plugin-paginate-rest": "^8.0.0", "@octokit/plugin-request-log": "^4.0.0", "@octokit/plugin-rest-endpoint-methods": "^9.0.0" } }, "sha512-wROV21RwHQIMNb2Dgd4+pY+dVy1Dwmp85pBrgr6YRRDYRBu9Gb+D73f4Bl2EukZSj5hInq2Tui9o7gAQpc2k2Q=="],

    "@octokit/types": ["@octokit/types@11.1.0", "https://registry.k8s.vercel-security.com/npm/@octokit/types/-/types-11.1.0.tgz", { "dependencies": { "@octokit/openapi-types": "^18.0.0" } }, "sha512-Fz0+7GyLm/bHt8fwEqgvRBWwIV1S6wRRyq+V6exRKLVWaKGsuy6H9QFYeBVDV7rK6fO3XwHgQOPxv+cLj2zpXQ=="],

    "@swc/helpers": ["@swc/helpers@0.5.15", "https://registry.k8s.vercel-security.com/npm/@swc/helpers/-/helpers-0.5.15.tgz", { "dependencies": { "tslib": "^2.8.0" } }, "sha512-JQ5TuMi45Owi4/BIMAJBoSQoOJu12oOk/gADqlcUL9JEdHB8vyjUSsxqeNXnmXHjYKMi2WcYtezGEEhqUI/E2g=="],

    "@types/gtag.js": ["@types/gtag.js@0.0.12", "https://registry.k8s.vercel-security.com/npm/@types/gtag.js/-/gtag.js-0.0.12.tgz", {}, "sha512-YQV9bUsemkzG81Ea295/nF/5GijnD2Af7QhEofh7xu+kvCN6RdodgNwwGWXB5GMI3NoyvQo0odNctoH/qLMIpg=="],

    "@types/marked": ["@types/marked@4.0.8", "https://registry.k8s.vercel-security.com/npm/@types/marked/-/marked-4.0.8.tgz", {}, "sha512-HVNzMT5QlWCOdeuBsgXP8EZzKUf0+AXzN+sLmjvaB3ZlLqO+e4u0uXrdw9ub69wBKFs+c6/pA4r9sy6cCDvImw=="],

    "@types/node": ["@types/node@24.13.2", "https://registry.k8s.vercel-security.com/npm/@types/node/-/node-24.13.2.tgz", { "dependencies": { "undici-types": "~7.18.0" } }, "sha512-fRa09kZTgu8o71KFcDjUFuc7F+dEbZYZmkI0mg5YBTRs0yMKjYHsq/c0urDKeDb+D5qVgXOdFcuu+DZPKOITwA=="],

    "@types/react": ["@types/react@19.2.17", "https://registry.k8s.vercel-security.com/npm/@types/react/-/react-19.2.17.tgz", { "dependencies": { "csstype": "^3.2.2" } }, "sha512-MXfmqaVPEVgkBT/aY0aGCkRWWtByiYQXo3xdQ8r5RzuFrPiRn8Gar2tQdXSUQ2GKV3bkXckek89V8wQBY2Q/Aw=="],

    "@vercel/speed-insights": ["@vercel/speed-insights@2.0.0", "https://registry.k8s.vercel-security.com/npm/@vercel/speed-insights/-/speed-insights-2.0.0.tgz", { "peerDependencies": { "@sveltejs/kit": "^1 || ^2", "next": ">= 13", "nuxt": ">= 3", "react": "^18 || ^19 || ^19.0.0-rc", "svelte": ">= 4", "vue": "^3", "vue-router": "^4" }, "optionalPeers": ["@sveltejs/kit", "next", "nuxt", "react", "svelte", "vue", "vue-router"] }, "sha512-jwkNcrTeafWxjmWq4AHBaptSqZiJkYU5adLC9QBSqeim0GcqDMgN5Ievh8OG1rJ6W3A4l1oiP7qr9CWxGuzu3w=="],

    "argparse": ["argparse@1.0.10", "https://registry.k8s.vercel-security.com/npm/argparse/-/argparse-1.0.10.tgz", { "dependencies": { "sprintf-js": "~1.0.2" } }, "sha512-o5Roy6tNG4SL/FOkCAN6RzjiakZS25RLYFrcMttJqbdd8BWrnA+fGz57iN5Pb06pvBGvl5gQ0B48dJlslXvoTg=="],

    "babel-plugin-react-compiler": ["babel-plugin-react-compiler@1.0.0", "https://registry.k8s.vercel-security.com/npm/babel-plugin-react-compiler/-/babel-plugin-react-compiler-1.0.0.tgz", { "dependencies": { "@babel/types": "^7.26.0" } }, "sha512-Ixm8tFfoKKIPYdCCKYTsqv+Fd4IJ0DQqMyEimo+pxUOMUR9cVPlwTrFt9Avu+3cb6Zp3mAzl+t1MrG2fxxKsxw=="],

    "baseline-browser-mapping": ["baseline-browser-mapping@2.11.15", "https://registry.k8s.vercel-security.com/npm/baseline-browser-mapping/-/baseline-browser-mapping-2.11.15.tgz", { "bin": { "baseline-browser-mapping": "dist/cli.cjs" } }, "sha512-FwMjJJ7HnyZpWe+oWxegG0fezZyBZUagI5LZEoO3GCbtbKNwRfMH9Ue5d5v01PNePBy1QSfPSDTTeVL0Hb9EzA=="],

    "before-after-hook": ["before-after-hook@2.2.3", "https://registry.k8s.vercel-security.com/npm/before-after-hook/-/before-after-hook-2.2.3.tgz", {}, "sha512-NzUnlZexiaH/46WDhANlyR2bXRopNg4F/zuSA3OpZnllCUgRaOF2znDioDWrmbNVsuZk6l9pMquQB38cfBZwkQ=="],

    "caniuse-lite": ["caniuse-lite@1.0.30001809", "https://registry.k8s.vercel-security.com/npm/caniuse-lite/-/caniuse-lite-1.0.30001809.tgz", {}, "sha512-xxWVywk6a6Arlk+hymeycyn/VgqEfLDxupvhH/xiY5SJ/18kmi9o6MiO320DCUzypORHLtvh0I4i04tUhCNHNQ=="],

    "client-only": ["client-only@0.0.1", "https://registry.k8s.vercel-security.com/npm/client-only/-/client-only-0.0.1.tgz", {}, "sha512-IV3Ou0jSMzZrd3pZ48nLkT9DA7Ag1pnPzaiQhpW7c3RbcqqzvzzVu+L8gfqMp/8IM2MQtSiqaCxrrcfu8I8rMA=="],

    "csstype": ["csstype@3.2.3", "https://registry.k8s.vercel-security.com/npm/csstype/-/csstype-3.2.3.tgz", {}, "sha512-z1HGKcYy2xA8AGQfwrn0PAy+PB7X/GSj3UVJW9qKyn43xWa+gl5nXmU4qqLMRzWVLFC8KusUX8T/0kCiOYpAIQ=="],

    "deprecation": ["deprecation@2.3.1", "https://registry.k8s.vercel-security.com/npm/deprecation/-/deprecation-2.3.1.tgz", {}, "sha512-xmHIy4F3scKVwMsQ4WnVaS8bHOx0DmVwRywosKhaILI0ywMDWPtBSku2HNxRvF7jtwDRsoEwYQSfbxj8b7RlJQ=="],

    "detect-libc": ["detect-libc@2.1.2", "https://registry.k8s.vercel-security.com/npm/detect-libc/-/detect-libc-2.1.2.tgz", {}, "sha512-Btj2BOOO83o3WyH59e8MgXsxEQVcarkUOpEYrubB0urwnN10yQ364rsiByU11nZlqWYZm05i/of7io4mzihBtQ=="],

    "esprima": ["esprima@4.0.1", "https://registry.k8s.vercel-security.com/npm/esprima/-/esprima-4.0.1.tgz", { "bin": { "esparse": "./bin/esparse.js", "esvalidate": "./bin/esvalidate.js" } }, "sha512-eGuFFw7Upda+g4p+QHvnW0RyTX/SVeJBDM/gCtMARO0cLuT2HcEKnTPvhjV6aGeqrCB/sbNop0Kszm0jsaWU4A=="],

    "extend-shallow": ["extend-shallow@2.0.1", "https://registry.k8s.vercel-security.com/npm/extend-shallow/-/extend-shallow-2.0.1.tgz", { "dependencies": { "is-extendable": "^0.1.0" } }, "sha512-zCnTtlxNoAiDc3gqY2aYAWFx7XWWiasuF2K8Me5WbN8otHKTUKBwjPtNpRs/rbUZm7KxWAaNj7P1a/p52GbVug=="],

    "gray-matter": ["gray-matter@4.0.3", "https://registry.k8s.vercel-security.com/npm/gray-matter/-/gray-matter-4.0.3.tgz", { "dependencies": { "js-yaml": "^3.13.1", "kind-of": "^6.0.2", "section-matter": "^1.0.0", "strip-bom-string": "^1.0.0" } }, "sha512-5v6yZd4JK3eMI3FqqCouswVqwugaA9r4dNZB1wwcmrD02QkV5H0y7XBQW8QwQqEaZY1pM9aqORSORhJRdNK44Q=="],

    "highlight.js": ["highlight.js@11.11.1", "https://registry.k8s.vercel-security.com/npm/highlight.js/-/highlight.js-11.11.1.tgz", {}, "sha512-Xwwo44whKBVCYoliBQwaPvtd/2tYFkRQtXDWj1nackaV2JPXx3L0+Jvd8/qCJ2p+ML0/XVkJ2q+Mr+UVdpJK5w=="],

    "is-extendable": ["is-extendable@0.1.1", "https://registry.k8s.vercel-security.com/npm/is-extendable/-/is-extendable-0.1.1.tgz", {}, "sha512-5BMULNob1vgFX6EjQw5izWDxrecWK9AM72rugNr0TFldMOi0fj6Jk+zeKIt0xGj4cEfQIJth4w3OKWOJ4f+AFw=="],

    "js-yaml": ["js-yaml@3.15.1", "https://registry.k8s.vercel-security.com/npm/js-yaml/-/js-yaml-3.15.1.tgz", { "dependencies": { "argparse": "^1.0.7", "esprima": "^4.0.0" }, "bin": { "js-yaml": "bin/js-yaml.js" } }, "sha512-S99WuO3HlhO3XN41EtYUNl9zzXjoJx7QvmipxsJVxtCBT0YHEFy+iOJhjSvrmV12nYhWpZaM8lPHkJm0yUMbag=="],

    "kind-of": ["kind-of@6.0.3", "https://registry.k8s.vercel-security.com/npm/kind-of/-/kind-of-6.0.3.tgz", {}, "sha512-dcS1ul+9tmeD95T+x28/ehLgd9mENa3LsvDTtzm3vyBEO7RPptvAD+t44WVXaUjTBRcrpFeFlC8WCruUR456hw=="],

    "marked": ["marked@4.2.12", "https://registry.k8s.vercel-security.com/npm/marked/-/marked-4.2.12.tgz", { "bin": { "marked": "bin/marked.js" } }, "sha512-yr8hSKa3Fv4D3jdZmtMMPghgVt6TWbk86WQaWhDloQjRSQhMMYCAro7jP7VDJrjjdV8pxVxMssXS8B8Y5DZ5aw=="],

    "nanoid": ["nanoid@3.3.18", "https://registry.k8s.vercel-security.com/npm/nanoid/-/nanoid-3.3.18.tgz", { "bin": { "nanoid": "bin/nanoid.cjs" } }, "sha512-DTg4MJbGMWkfi6VZFdNt2/caMbQy4Ou+Op/hJQvGEWcnVfoA1QA+xzRKAzw9jD6+GVOOeYr/mIcuDSdug6F6+w=="],

    "next": ["next@16.3.0", "https://registry.k8s.vercel-security.com/npm/next/-/next-16.3.0.tgz", { "dependencies": { "@next/env": "16.3.0", "@swc/helpers": "0.5.15", "baseline-browser-mapping": "^2.9.19", "caniuse-lite": "^1.0.30001579", "postcss": "8.5.23", "styled-jsx": "5.1.6" }, "optionalDependencies": { "@next/swc-darwin-arm64": "16.3.0", "@next/swc-darwin-x64": "16.3.0", "@next/swc-linux-arm64-gnu": "16.3.0", "@next/swc-linux-arm64-musl": "16.3.0", "@next/swc-linux-x64-gnu": "16.3.0", "@next/swc-linux-x64-musl": "16.3.0", "@next/swc-win32-arm64-msvc": "16.3.0", "@next/swc-win32-x64-msvc": "16.3.0", "sharp": "^0.35.3" }, "peerDependencies": { "@opentelemetry/api": "^1.1.0", "@playwright/test": "^1.51.1", "babel-plugin-react-compiler": "*", "react": "^18.2.0 || 19.0.0-rc-de68d2f4-20241204 || ^19.0.0", "react-dom": "^18.2.0 || 19.0.0-rc-de68d2f4-20241204 || ^19.0.0", "sass": "^1.3.0" }, "optionalPeers": ["@opentelemetry/api", "@playwright/test", "babel-plugin-react-compiler", "sass"], "bin": { "next": "dist/bin/next" } }, "sha512-NEdGOzH+08eTXMUp9UYkA99Nhi5N6Thrhc1jgFOQgfgnGK/dA2hRwBpXep+exdFQrnwlRf/3Wixyp8lLBUpE2A=="],

    "once": ["once@1.4.0", "https://registry.k8s.vercel-security.com/npm/once/-/once-1.4.0.tgz", { "dependencies": { "wrappy": "1" } }, "sha512-lNaJgI+2Q5URQBkccEKHTQOPaXdUxnZZElQTZY0MFUAuaEqe1E+Nyvgdz/aIyNi6Z9MzO5dv1H8n58/GELp3+w=="],

    "picocolors": ["picocolors@1.1.1", "https://registry.k8s.vercel-security.com/npm/picocolors/-/picocolors-1.1.1.tgz", {}, "sha512-xceH2snhtb5M9liqDsmEw56le376mTZkEX/jEb/RxNFyegNul7eNslCXP9FDj/Lcu0X8KEyMceP2ntpaHrDEVA=="],

    "postcss": ["postcss@8.5.23", "https://registry.k8s.vercel-security.com/npm/postcss/-/postcss-8.5.23.tgz", { "dependencies": { "nanoid": "^3.3.16", "picocolors": "^1.1.1", "source-map-js": "^1.2.1" } }, "sha512-g50586zr4bZmwFiTlflMu8E0bDTb5I5gertgwAKmsdUlTQIhZtunzUlD1WSzwcVWPoAVpsrA6vlfCD7oXvRwgg=="],

    "prettier": ["prettier@3.4.2", "https://registry.k8s.vercel-security.com/npm/prettier/-/prettier-3.4.2.tgz", { "bin": { "prettier": "bin/prettier.cjs" } }, "sha512-e9MewbtFo+Fevyuxn/4rrcDAaq0IYxPGLvObpQjiZBMAzB9IGmzlnG9RZy3FFas+eBMu2vA0CszMeduow5dIuQ=="],

    "react": ["react@19.2.7", "https://registry.k8s.vercel-security.com/npm/react/-/react-19.2.7.tgz", {}, "sha512-HNe9WslTbXmFK8o8cmwgAeJFSBvt1bPdHCVKtaaV+WlAN36mpT4hcRpwbf3fY56ar2oIXzsBpOAiIRHAdY0OlQ=="],

    "react-dom": ["react-dom@19.2.7", "https://registry.k8s.vercel-security.com/npm/react-dom/-/react-dom-19.2.7.tgz", { "dependencies": { "scheduler": "^0.27.0" }, "peerDependencies": { "react": "^19.2.7" } }, "sha512-t0BRVXvbiE/o20Hfw669rLbMCDWtYZLvmJigy2f0MxsXF+71pxhR3xOkspmsO8h3ZlNzyibAmtCa3l4lYKk6gQ=="],

    "scheduler": ["scheduler@0.27.0", "https://registry.k8s.vercel-security.com/npm/scheduler/-/scheduler-0.27.0.tgz", {}, "sha512-eNv+WrVbKu1f3vbYJT/xtiF5syA5HPIMtf9IgY/nKg0sWqzAUEvqY/xm7OcZc/qafLx/iO9FgOmeSAp4v5ti/Q=="],

    "section-matter": ["section-matter@1.0.0", "https://registry.k8s.vercel-security.com/npm/section-matter/-/section-matter-1.0.0.tgz", { "dependencies": { "extend-shallow": "^2.0.1", "kind-of": "^6.0.0" } }, "sha512-vfD3pmTzGpufjScBh50YHKzEu2lxBWhVEHsNGoEXmCmn2hKGfeNLYMzCJpe8cD7gqX7TJluOVpBkAequ6dgMmA=="],

    "semver": ["semver@7.8.5", "https://registry.k8s.vercel-security.com/npm/semver/-/semver-7.8.5.tgz", { "bin": { "semver": "bin/semver.js" } }, "sha512-Y7/KDsb8LjooZpwaqGyulO6DQlksgCncchHGk+sZIY4SBvUocMBEFH5Ur1fI4dV+Jvl0w6cjvucaIi40puRioA=="],

    "sharp": ["sharp@0.35.3", "https://registry.k8s.vercel-security.com/npm/sharp/-/sharp-0.35.3.tgz", { "dependencies": { "@img/colour": "^1.1.0", "detect-libc": "^2.1.2", "semver": "^7.8.5" }, "optionalDependencies": { "@img/sharp-darwin-arm64": "0.35.3", "@img/sharp-darwin-x64": "0.35.3", "@img/sharp-freebsd-wasm32": "0.35.3", "@img/sharp-libvips-darwin-arm64": "1.3.2", "@img/sharp-libvips-darwin-x64": "1.3.2", "@img/sharp-libvips-linux-arm": "1.3.2", "@img/sharp-libvips-linux-arm64": "1.3.2", "@img/sharp-libvips-linux-ppc64": "1.3.2", "@img/sharp-libvips-linux-riscv64": "1.3.2", "@img/sharp-libvips-linux-s390x": "1.3.2", "@img/sharp-libvips-linux-x64": "1.3.2", "@img/sharp-libvips-linuxmusl-arm64": "1.3.2", "@img/sharp-libvips-linuxmusl-x64": "1.3.2", "@img/sharp-linux-arm": "0.35.3", "@img/sharp-linux-arm64": "0.35.3", "@img/sharp-linux-ppc64": "0.35.3", "@img/sharp-linux-riscv64": "0.35.3", "@img/sharp-linux-s390x": "0.35.3", "@img/sharp-linux-x64": "0.35.3", "@img/sharp-linuxmusl-arm64": "0.35.3", "@img/sharp-linuxmusl-x64": "0.35.3", "@img/sharp-webcontainers-wasm32": "0.35.3", "@img/sharp-win32-arm64": "0.35.3", "@img/sharp-win32-ia32": "0.35.3", "@img/sharp-win32-x64": "0.35.3" }, "peerDependencies": { "@types/node": "*" }, "optionalPeers": ["@types/node"] }, "sha512-ej0zVHuZGHCiABXcNxeYhpRnPNPAcvbG8RMdBAhDAxLKkCRVSpK3Iyu7qbqw3JMzoj0REeM6f3tJLtVwl0023Q=="],

    "source-map-js": ["source-map-js@1.2.1", "https://registry.k8s.vercel-security.com/npm/source-map-js/-/source-map-js-1.2.1.tgz", {}, "sha512-UXWMKhLOwVKb728IUtQPXxfYU+usdybtUrK/8uGE8CQMvrhOpwvzDBwj0QhSL7MQc7vIsISBG8VQ8+IDQxpfQA=="],

    "sprintf-js": ["sprintf-js@1.0.3", "https://registry.k8s.vercel-security.com/npm/sprintf-js/-/sprintf-js-1.0.3.tgz", {}, "sha512-D9cPgkvLlV3t3IzL0D0YLvGA9Ahk4PcvVwUbN0dSGr1aP0Nrt4AEnTUbuGvquEC0mA64Gqt1fzirlRs5ibXx8g=="],

    "strip-bom-string": ["strip-bom-string@1.0.0", "https://registry.k8s.vercel-security.com/npm/strip-bom-string/-/strip-bom-string-1.0.0.tgz", {}, "sha512-uCC2VHvQRYu+lMh4My/sFNmF2klFymLX1wHJeXnbEJERpV/ZsVuonzerjfrGpIGF7LBVa1O7i9kjiWvJiFck8g=="],

    "styled-jsx": ["styled-jsx@5.1.6", "https://registry.k8s.vercel-security.com/npm/styled-jsx/-/styled-jsx-5.1.6.tgz", { "dependencies": { "client-only": "0.0.1" }, "peerDependencies": { "@babel/core": "*", "babel-plugin-macros": "*", "react": ">= 16.8.0 || 17.x.x || ^18.0.0-0 || ^19.0.0-0" }, "optionalPeers": ["@babel/core", "babel-plugin-macros"] }, "sha512-qSVyDTeMotdvQYoHWLNGwRFJHC+i+ZvdBRYosOFgC+Wg1vx4frN2/RG/NA7SYqqvKNLf39P2LSRA2pu6n0XYZA=="],

    "third-party-capital": ["third-party-capital@1.0.20", "https://registry.k8s.vercel-security.com/npm/third-party-capital/-/third-party-capital-1.0.20.tgz", {}, "sha512-oB7yIimd8SuGptespDAZnNkzIz+NWaJCu2RMsbs4Wmp9zSDUM8Nhi3s2OOcqYuv3mN4hitXc8DVx+LyUmbUDiA=="],

    "tslib": ["tslib@2.8.1", "https://registry.k8s.vercel-security.com/npm/tslib/-/tslib-2.8.1.tgz", {}, "sha512-oJFu94HQb+KVduSUQL7wnpmqnfmLsOA/nAh6b6EH0wCEoK0/mPeXU6c3wKDV83MkOuHPRHtSXKKU99IBazS/2w=="],

    "typescript": ["typescript@6.0.3", "https://registry.k8s.vercel-security.com/npm/typescript/-/typescript-6.0.3.tgz", { "bin": { "tsc": "bin/tsc", "tsserver": "bin/tsserver" } }, "sha512-y2TvuxSZPDyQakkFRPZHKFm+KKVqIisdg9/CZwm9ftvKXLP8NRWj38/ODjNbr43SsoXqNuAisEf1GdCxqWcdBw=="],

    "undici-types": ["undici-types@7.18.2", "https://registry.k8s.vercel-security.com/npm/undici-types/-/undici-types-7.18.2.tgz", {}, "sha512-AsuCzffGHJybSaRrmr5eHr81mwJU3kjw6M+uprWvCXiNeN9SOGwQ3Jn8jb8m3Z6izVgknn1R0FTCEAP2QrLY/w=="],

    "universal-user-agent": ["universal-user-agent@6.0.1", "https://registry.k8s.vercel-security.com/npm/universal-user-agent/-/universal-user-agent-6.0.1.tgz", {}, "sha512-yCzhz6FN2wU1NiiQRogkTQszlQSlpWaw8SvVegAc+bDxbzHgh1vX8uIe8OYyMH6DwH+sdTJsgMl36+mSMdRJIQ=="],

    "wrappy": ["wrappy@1.0.2", "https://registry.k8s.vercel-security.com/npm/wrappy/-/wrappy-1.0.2.tgz", {}, "sha512-l4Sp/DRseor9wL6EvV2+TuQn63dMkPjZ/sp9XkghTEbV9KlPS1xUsZ3u7/IQO4wxtcFB4bgpQPRcR3QCvezPcQ=="],

    "@octokit/core/@octokit/types": ["@octokit/types@13.10.0", "https://registry.k8s.vercel-security.com/npm/@octokit/types/-/types-13.10.0.tgz", { "dependencies": { "@octokit/openapi-types": "^24.2.0" } }, "sha512-ifLaO34EbbPj0Xgro4G5lP5asESjwHracYJvVaPIyXMuiuXLlhic3S47cBdTb+jfODkTE5YtGCLt3Ay3+J97sA=="],

    "@octokit/endpoint/@octokit/types": ["@octokit/types@13.10.0", "https://registry.k8s.vercel-security.com/npm/@octokit/types/-/types-13.10.0.tgz", { "dependencies": { "@octokit/openapi-types": "^24.2.0" } }, "sha512-ifLaO34EbbPj0Xgro4G5lP5asESjwHracYJvVaPIyXMuiuXLlhic3S47cBdTb+jfODkTE5YtGCLt3Ay3+J97sA=="],

    "@octokit/graphql/@octokit/types": ["@octokit/types@13.10.0", "https://registry.k8s.vercel-security.com/npm/@octokit/types/-/types-13.10.0.tgz", { "dependencies": { "@octokit/openapi-types": "^24.2.0" } }, "sha512-ifLaO34EbbPj0Xgro4G5lP5asESjwHracYJvVaPIyXMuiuXLlhic3S47cBdTb+jfODkTE5YtGCLt3Ay3+J97sA=="],

    "@octokit/request/@octokit/types": ["@octokit/types@13.10.0", "https://registry.k8s.vercel-security.com/npm/@octokit/types/-/types-13.10.0.tgz", { "dependencies": { "@octokit/openapi-types": "^24.2.0" } }, "sha512-ifLaO34EbbPj0Xgro4G5lP5asESjwHracYJvVaPIyXMuiuXLlhic3S47cBdTb+jfODkTE5YtGCLt3Ay3+J97sA=="],

    "@octokit/request-error/@octokit/types": ["@octokit/types@13.10.0", "https://registry.k8s.vercel-security.com/npm/@octokit/types/-/types-13.10.0.tgz", { "dependencies": { "@octokit/openapi-types": "^24.2.0" } }, "sha512-ifLaO34EbbPj0Xgro4G5lP5asESjwHracYJvVaPIyXMuiuXLlhic3S47cBdTb+jfODkTE5YtGCLt3Ay3+J97sA=="],

    "@octokit/core/@octokit/types/@octokit/openapi-types": ["@octokit/openapi-types@24.2.0", "https://registry.k8s.vercel-security.com/npm/@octokit/openapi-types/-/openapi-types-24.2.0.tgz", {}, "sha512-9sIH3nSUttelJSXUrmGzl7QUBFul0/mB8HRYl3fOlgHbIWG+WnYDXU3v/2zMtAvuzZ/ed00Ei6on975FhBfzrg=="],

    "@octokit/endpoint/@octokit/types/@octokit/openapi-types": ["@octokit/openapi-types@24.2.0", "https://registry.k8s.vercel-security.com/npm/@octokit/openapi-types/-/openapi-types-24.2.0.tgz", {}, "sha512-9sIH3nSUttelJSXUrmGzl7QUBFul0/mB8HRYl3fOlgHbIWG+WnYDXU3v/2zMtAvuzZ/ed00Ei6on975FhBfzrg=="],

    "@octokit/graphql/@octokit/types/@octokit/openapi-types": ["@octokit/openapi-types@24.2.0", "https://registry.k8s.vercel-security.com/npm/@octokit/openapi-types/-/openapi-types-24.2.0.tgz", {}, "sha512-9sIH3nSUttelJSXUrmGzl7QUBFul0/mB8HRYl3fOlgHbIWG+WnYDXU3v/2zMtAvuzZ/ed00Ei6on975FhBfzrg=="],

    "@octokit/request-error/@octokit/types/@octokit/openapi-types": ["@octokit/openapi-types@24.2.0", "https://registry.k8s.vercel-security.com/npm/@octokit/openapi-types/-/openapi-types-24.2.0.tgz", {}, "sha512-9sIH3nSUttelJSXUrmGzl7QUBFul0/mB8HRYl3fOlgHbIWG+WnYDXU3v/2zMtAvuzZ/ed00Ei6on975FhBfzrg=="],

    "@octokit/request/@octokit/types/@octokit/openapi-types": ["@octokit/openapi-types@24.2.0", "https://registry.k8s.vercel-security.com/npm/@octokit/openapi-types/-/openapi-types-24.2.0.tgz", {}, "sha512-9sIH3nSUttelJSXUrmGzl7QUBFul0/mB8HRYl3fOlgHbIWG+WnYDXU3v/2zMtAvuzZ/ed00Ei6on975FhBfzrg=="],
  }
}
